Microsoft Visual Studio Solution File, Format Version 10.00
# Visual C# Express 2008
Project("{FAE04EC0-301F-11D3-BF4B-00C04F79EFBC}") = "DreamBeam", "DreamBeam.csproj", "{9DB1A764-37C9-4E6E-83B2-BA43D1CBEC84}"
	ProjectSection(ProjectDependencies) = postProject
		{98096340-5853-42D0-8B2F-1CD364C5A152} = {98096340-5853-42D0-8B2F-1CD364C5A152}
		{1A63B1D0-D2F0-4F8C-B242-863E83E1419C} = {1A63B1D0-D2F0-4F8C-B242-863E83E1419C}
		{4847D05C-EB58-49D9-B280-D22F8FF01857} = {4847D05C-EB58-49D9-B280-D22F8FF01857}
		{14B87235-D657-4009-9C00-63ECA81D7CCF} = {14B87235-D657-4009-9C00-63ECA81D7CCF}
		{94302930-4AC3-45CB-9BB6-B7D7572E95DB} = {94302930-4AC3-45CB-9BB6-B7D7572E95DB}
	EndProjectSection
EndProject
Project("{FAE04EC0-301F-11D3-BF4B-00C04F79EFBC}") = "Lister", "libs\Lister\Lister.csproj", "{14B87235-D657-4009-9C00-63ECA81D7CCF}"
EndProject
Project("{FAE04EC0-301F-11D3-BF4B-00C04F79EFBC}") = "ControlLib", "libs\ControlLib\ControlLib.csproj", "{94302930-4AC3-45CB-9BB6-B7D7572E95DB}"
EndProject
Project("{FAE04EC0-301F-11D3-BF4B-00C04F79EFBC}") = "ExRichTextBox", "libs\ExRichTextBox\ExRichTextBox.csproj", "{1A63B1D0-D2F0-4F8C-B242-863E83E1419C}"
EndProject
Project("{FAE04EC0-301F-11D3-BF4B-00C04F79EFBC}") = "MessageBoxExLib", "libs\MessageBoxExLib\MessageBoxExLib.csproj", "{4847D05C-EB58-49D9-B280-D22F8FF01857}"
EndProject
Project("{FAE04EC0-301F-11D3-BF4B-00C04F79EFBC}") = "LEDRadioButton", "libs\LEDRadioButton\LEDRadioButton.csproj", "{98096340-5853-42D0-8B2F-1CD364C5A152}"
EndProject
Project("{FAE04EC0-301F-11D3-BF4B-00C04F79EFBC}") = "FontCombo", "libs\FontCombo\FontCombo.csproj", "{E764A681-F213-4581-8492-9EE617B5E398}"
EndProject
Project("{FAE04EC0-301F-11D3-BF4B-00C04F79EFBC}") = "OfficePickers", "libs\OfficePickers\OfficePickers.csproj", "{CAD56B75-481B-4C76-B090-4BC2FF5E5681}"
EndProject
Project("{FAE04EC0-301F-11D3-BF4B-00C04F79EFBC}") = "CodeVendor.Controls", "libs\Grouper\CodeVendor.Controls.csproj", "{D5D88EB0-23B9-46CE-B23C-C6245ECF023C}"
EndProject
Project("{FAE04EC0-301F-11D3-BF4B-00C04F79EFBC}") = "Textfield", "libs\Textfield\Textfield.csproj", "{4DBEE607-C96E-43DE-B468-B4EC527019E6}"
EndProject
Global
	GlobalSection(SolutionConfigurationPlatforms) = preSolution
		Debug|Any CPU = Debug|Any CPU
		Release|Any CPU = Release|Any CPU
	EndGlobalSection
	GlobalSection(ProjectConfigurationPlatforms) = postSolution
		{9DB1A764-37C9-4E6E-83B2-BA43D1CBEC84}.Debug|Any CPU.ActiveCfg = Debug|Any CPU
		{9DB1A764-37C9-4E6E-83B2-BA43D1CBEC84}.Debug|Any CPU.Build.0 = Debug|Any CPU
		{9DB1A764-37C9-4E6E-83B2-BA43D1CBEC84}.Release|Any CPU.ActiveCfg = Release|Any CPU
		{9DB1A764-37C9-4E6E-83B2-BA43D1CBEC84}.Release|Any CPU.Build.0 = Release|Any CPU
		{14B87235-D657-4009-9C00-63ECA81D7CCF}.Debug|Any CPU.ActiveCfg = Debug|Any CPU
		{14B87235-D657-4009-9C00-63ECA81D7CCF}.Debug|Any CPU.Build.0 = Debug|Any CPU
		{14B87235-D657-4009-9C00-63ECA81D7CCF}.Release|Any CPU.ActiveCfg = Release|Any CPU
		{14B87235-D657-4009-9C00-63ECA81D7CCF}.Release|Any CPU.Build.0 = Release|Any CPU
		{94302930-4AC3-45CB-9BB6-B7D7572E95DB}.Debug|Any CPU.ActiveCfg = Debug|Any CPU
		{94302930-4AC3-45CB-9BB6-B7D7572E95DB}.Debug|Any CPU.Build.0 = Debug|Any CPU
		{94302930-4AC3-45CB-9BB6-B7D7572E95DB}.Release|Any CPU.ActiveCfg = Release|Any CPU
		{94302930-4AC3-45CB-9BB6-B7D7572E95DB}.Release|Any CPU.Build.0 = Release|Any CPU
		{1A63B1D0-D2F0-4F8C-B242-863E83E1419C}.Debug|Any CPU.ActiveCfg = Debug|Any CPU
		{1A63B1D0-D2F0-4F8C-B242-863E83E1419C}.Debug|Any CPU.Build.0 = Debug|Any CPU
		{1A63B1D0-D2F0-4F8C-B242-863E83E1419C}.Release|Any CPU.ActiveCfg = Release|Any CPU
		{1A63B1D0-D2F0-4F8C-B242-863E83E1419C}.Release|Any CPU.Build.0 = Release|Any CPU
		{4847D05C-EB58-49D9-B280-D22F8FF01857}.Debug|Any CPU.ActiveCfg = Debug|Any CPU
		{4847D05C-EB58-49D9-B280-D22F8FF01857}.Debug|Any CPU.Build.0 = Debug|Any CPU
		{4847D05C-EB58-49D9-B280-D22F8FF01857}.Release|Any CPU.ActiveCfg = Release|Any CPU
		{4847D05C-EB58-49D9-B280-D22F8FF01857}.Release|Any CPU.Build.0 = Release|Any CPU
		{98096340-5853-42D0-8B2F-1CD364C5A152}.Debug|Any CPU.ActiveCfg = Debug|Any CPU
		{98096340-5853-42D0-8B2F-1CD364C5A152}.Debug|Any CPU.Build.0 = Debug|Any CPU
		{98096340-5853-42D0-8B2F-1CD364C5A152}.Release|Any CPU.ActiveCfg = Release|Any CPU
		{98096340-5853-42D0-8B2F-1CD364C5A152}.Release|Any CPU.Build.0 = Release|Any CPU
		{E764A681-F213-4581-8492-9EE617B5E398}.Debug|Any CPU.ActiveCfg = Debug|Any CPU
		{E764A681-F213-4581-8492-9EE617B5E398}.Debug|Any CPU.Build.0 = Debug|Any CPU
		{E764A681-F213-4581-8492-9EE617B5E398}.Release|Any CPU.ActiveCfg = Release|Any CPU
		{E764A681-F213-4581-8492-9EE617B5E398}.Release|Any CPU.Build.0 = Release|Any CPU
		{CAD56B75-481B-4C76-B090-4BC2FF5E5681}.Debug|Any CPU.ActiveCfg = Debug|Any CPU
		{CAD56B75-481B-4C76-B090-4BC2FF5E5681}.Debug|Any CPU.Build.0 = Debug|Any CPU
		{CAD56B75-481B-4C76-B090-4BC2FF5E5681}.Release|Any CPU.ActiveCfg = Release|Any CPU
		{CAD56B75-481B-4C76-B090-4BC2FF5E5681}.Release|Any CPU.Build.0 = Release|Any CPU
		{D5D88EB0-23B9-46CE-B23C-C6245ECF023C}.Debug|Any CPU.ActiveCfg = Debug|Any CPU
		{D5D88EB0-23B9-46CE-B23C-C6245ECF023C}.Debug|Any CPU.Build.0 = Debug|Any CPU
		{D5D88EB0-23B9-46CE-B23C-C6245ECF023C}.Release|Any CPU.ActiveCfg = Release|Any CPU
		{D5D88EB0-23B9-46CE-B23C-C6245ECF023C}.Release|Any CPU.Build.0 = Release|Any CPU
		{4DBEE607-C96E-43DE-B468-B4EC527019E6}.Debug|Any CPU.ActiveCfg = Debug|Any CPU
		{4DBEE607-C96E-43DE-B468-B4EC527019E6}.Debug|Any CPU.Build.0 = Debug|Any CPU
		{4DBEE607-C96E-43DE-B468-B4EC527019E6}.Release|Any CPU.ActiveCfg = Release|Any CPU
		{4DBEE607-C96E-43DE-B468-B4EC527019E6}.Release|Any CPU.Build.0 = Release|Any CPU
	EndGlobalSection
	GlobalSection(SolutionProperties) = preSolution
		HideSolutionNode = FALSE
	EndGlobalSection
EndGlobal
